// !$*UTF8*$!
{
	archiveVersion = 1;
	classes = {
	};
	objectVersion = 46;
	objects = {

/* Begin PBXBuildFile section */
		B1D5556D18E775DD00B318CC /* Foundation.framework in Frameworks */ = {isa = PBXBuildFile; fileRef = B1D5556C18E775DD00B318CC /* Foundation.framework */; };
		B1D5556F18E775DD00B318CC /* CoreGraphics.framework in Frameworks */ = {isa = PBXBuildFile; fileRef = B1D5556E18E775DD00B318CC /* CoreGraphics.framework */; };
		B1D5557118E775DD00B318CC /* UIKit.framework in Frameworks */ = {isa = PBXBuildFile; fileRef = B1D5557018E775DD00B318CC /* UIKit.framework */; };
		B1D5557718E775DD00B318CC /* InfoPlist.strings in Resources */ = {isa = PBXBuildFile; fileRef = B1D5557518E775DD00B318CC /* InfoPlist.strings */; };
		B1D5557918E775DD00B318CC /* main.m in Sources */ = {isa = PBXBuildFile; fileRef = B1D5557818E775DD00B318CC /* main.m */; };
		B1D5557D18E775DD00B318CC /* AppDelegate.m in Sources */ = {isa = PBXBuildFile; fileRef = B1D5557C18E775DD00B318CC /* AppDelegate.m */; };
		B1D5558018E775DD00B318CC /* Main.storyboard in Resources */ = {isa = PBXBuildFile; fileRef = B1D5557E18E775DD00B318CC /* Main.storyboard */; };
		B1D5558318E775DD00B318CC /* ViewController.m in Sources */ = {isa = PBXBuildFile; fileRef = B1D5558218E775DD00B318CC /* ViewController.m */; };
		B1D5558518E775DD00B318CC /* Images.xcassets in Resources */ = {isa = PBXBuildFile; fileRef = B1D5558418E775DD00B318CC /* Images.xcassets */; };
		B1D5558C18E775DD00B318CC /* XCTest.framework in Frameworks */ = {isa = PBXBuildFile; fileRef = B1D5558B18E775DD00B318CC /* XCTest.framework */; };
		B1D5558D18E775DD00B318CC /* Foundation.framework in Frameworks */ = {isa = PBXBuildFile; fileRef = B1D5556C18E775DD00B318CC /* Foundation.framework */; };
		B1D5558E18E775DD00B318CC /* UIKit.framework in Frameworks */ = {isa = PBXBuildFile; fileRef = B1D5557018E775DD00B318CC /* UIKit.framework */; };
		B1D5559618E775DD00B318CC /* InfoPlist.strings in Resources */ = {isa = PBXBuildFile; fileRef = B1D5559418E775DD00B318CC /* InfoPlist.strings */; };
		B1D5559818E775DD00B318CC /* ThreadTestWOUsingGCDTests.m in Sources */ = {isa = PBXBuildFile; fileRef = B1D5559718E775DD00B318CC /* ThreadTestWOUsingGCDTests.m */; };
/* End PBXBuildFile section */

/* Begin PBXContainerItemProxy section */
		B1D5558F18E775DD00B318CC /* PBXContainerItemProxy */ = {
			isa = PBXContainerItemProxy;
			containerPortal = B1D5556118E775DD00B318CC /* Project object */;
			proxyType = 1;
			remoteGlobalIDString = B1D5556818E775DD00B318CC;
			remoteInfo = ThreadTestWOUsingGCD;
		};
/* End PBXContainerItemProxy section */

/* Begin PBXFileReference section */
		B1D5556918E775DD00B318CC /* ThreadTestWOUsingGCD.app */ = {isa = PBXFileReference; explicitFileType = wrapper.application; includeInIndex = 0; path = ThreadTestWOUsingGCD.app; sourceTree = BUILT_PRODUCTS_DIR; };
		B1D5556C18E775DD00B318CC /* Foundation.framework */ = {isa = PBXFileReference; lastKnownFileType = wrapper.framework; name = Foundation.framework; path = System/Library/Frameworks/Foundation.framework; sourceTree = SDKROOT; };
		B1D5556E18E775DD00B318CC /* CoreGraphics.framework */ = {isa = PBXFileReference; lastKnownFileType = wrapper.framework; name = CoreGraphics.framework; path = System/Library/Frameworks/CoreGraphics.framework; sourceTree = SDKROOT; };
		B1D5557018E775DD00B318CC /* UIKit.framework */ = {isa = PBXFileReference; lastKnownFileType = wrapper.framework; name = UIKit.framework; path = System/Library/Frameworks/UIKit.framework; sourceTree = SDKROOT; };
		B1D5557418E775DD00B318CC /* ThreadTestWOUsingGCD-Info.plist */ = {isa = PBXFileReference; lastKnownFileType = text.plist.xml; path = "ThreadTestWOUsingGCD-Info.plist"; sourceTree = "<group>"; };
		B1D5557618E775DD00B318CC /* en */ = {isa = PBXFileReference; lastKnownFileType = text.plist.strings; name = en; path = en.lproj/InfoPlist.strings; sourceTree = "<group>"; };
		B1D5557818E775DD00B318CC /* main.m */ = {isa = PBXFileReference; lastKnownFileType = sourcecode.c.objc; path = main.m; sourceTree = "<group>"; };
		B1D5557A18E775DD00B318CC /* ThreadTestWOUsingGCD-Prefix.pch */ = {isa = PBXFileReference; lastKnownFileType = sourcecode.c.h; path = "ThreadTestWOUsingGCD-Prefix.pch"; sourceTree = "<group>"; };
		B1D5557B18E775DD00B318CC /* AppDelegate.h */ = {isa = PBXFileReference; lastKnownFileType = sourcecode.c.h; path = AppDelegate.h; sourceTree = "<group>"; };
		B1D5557C18E775DD00B318CC /* AppDelegate.m */ = {isa = PBXFileReference; lastKnownFileType = sourcecode.c.objc; path = AppDelegate.m; sourceTree = "<group>"; };
		B1D5557F18E775DD00B318CC /* Base */ = {isa = PBXFileReference; lastKnownFileType = file.storyboard; name = Base; path = Base.lproj/Main.storyboard; sourceTree = "<group>"; };
		B1D5558118E775DD00B318CC /* ViewController.h */ = {isa = PBXFileReference; lastKnownFileType = sourcecode.c.h; path = ViewController.h; sourceTree = "<group>"; };
		B1D5558218E775DD00B318CC /* ViewController.m */ = {isa = PBXFileReference; lastKnownFileType = sourcecode.c.objc; path = ViewController.m; sourceTree = "<group>"; };
		B1D5558418E775DD00B318CC /* Images.xcassets */ = {isa = PBXFileReference; lastKnownFileType = folder.assetcatalog; path = Images.xcassets; sourceTree = "<group>"; };
		B1D5558A18E775DD00B318CC /* ThreadTestWOUsingGCDTests.xctest */ = {isa = PBXFileReference; explicitFileType = wrapper.cfbundle; includeInIndex = 0; path = ThreadTestWOUsingGCDTests.xctest; sourceTree = BUILT_PRODUCTS_DIR; };
		B1D5558B18E775DD00B318CC /* XCTest.framework */ = {isa = PBXFileReference; lastKnownFileType = wrapper.framework; name = XCTest.framework; path = Library/Frameworks/XCTest.framework; sourceTree = DEVELOPER_DIR; };
		B1D5559318E775DD00B318CC /* ThreadTestWOUsingGCDTests-Info.plist */ = {isa = PBXFileReference; lastKnownFileType = text.plist.xml; path = "ThreadTestWOUsingGCDTests-Info.plist"; sourceTree = "<group>"; };
		B1D5559518E775DD00B318CC /* en */ = {isa = PBXFileReference; lastKnownFileType = text.plist.strings; name = en; path = en.lproj/InfoPlist.strings; sourceTree = "<group>"; };
		B1D5559718E775DD00B318CC /* ThreadTestWOUsingGCDTests.m */ = {isa = PBXFileReference; lastKnownFileType = sourcecode.c.objc; path = ThreadTestWOUsingGCDTests.m; sourceTree = "<group>"; };
/* End PBXFileReference section */

/* Begin PBXFrameworksBuildPhase section */
		B1D5556618E775DD00B318CC /* Frameworks */ = {
			isa = PBXFrameworksBuildPhase;
			buildActionMask = 2147483647;
			files = (
				B1D5556F18E775DD00B318CC /* CoreGraphics.framework in Frameworks */,
				B1D5557118E775DD00B318CC /* UIKit.framework in Frameworks */,
				B1D5556D18E775DD00B318CC /* Foundation.framework in Frameworks */,
			);
			runOnlyForDeploymentPostprocessing = 0;
		};
		B1D5558718E775DD00B318CC /* Frameworks */ = {
			isa = PBXFrameworksBuildPhase;
			buildActionMask = 2147483647;
			files = (
				B1D5558C18E775DD00B318CC /* XCTest.framework in Frameworks */,
				B1D5558E18E775DD00B318CC /* UIKit.framework in Frameworks */,
				B1D5558D18E775DD00B318CC /* Foundation.framework in Frameworks */,
			);
			runOnlyForDeploymentPostprocessing = 0;
		};
/* End PBXFrameworksBuildPhase section */

/* Begin PBXGroup section */
		B1D5556018E775DD00B318CC = {
			isa = PBXGroup;
			children = (
				B1D5557218E775DD00B318CC /* ThreadTestWOUsingGCD */,
				B1D5559118E775DD00B318CC /* ThreadTestWOUsingGCDTests */,
				B1D5556B18E775DD00B318CC /* Frameworks */,
				B1D5556A18E775DD00B318CC /* Products */,
			);
			sourceTree = "<group>";
		};
		B1D5556A18E775DD00B318CC /* Products */ = {
			isa = PBXGroup;
			children = (
				B1D5556918E775DD00B318CC /* ThreadTestWOUsingGCD.app */,
				B1D5558A18E775DD00B318CC /* ThreadTestWOUsingGCDTests.xctest */,
			);
			name = Products;
			sourceTree = "<group>";
		};
		B1D5556B18E775DD00B318CC /* Frameworks */ = {
			isa = PBXGroup;
			children = (
				B1D5556C18E775DD00B318CC /* Foundation.framework */,
				B1D5556E18E775DD00B318CC /* CoreGraphics.framework */,
				B1D5557018E775DD00B318CC /* UIKit.framework */,
				B1D5558B18E775DD00B318CC /* XCTest.framework */,
			);
			name = Frameworks;
			sourceTree = "<group>";
		};
		B1D5557218E775DD00B318CC /* ThreadTestWOUsingGCD */ = {
			isa = PBXGroup;
			children = (
				B1D5557B18E775DD00B318CC /* AppDelegate.h */,
				B1D5557C18E775DD00B318CC /* AppDelegate.m */,
				B1D5557E18E775DD00B318CC /* Main.storyboard */,
				B1D5558118E775DD00B318CC /* ViewController.h */,
				B1D5558218E775DD00B318CC /* ViewController.m */,
				B1D5558418E775DD00B318CC /* Images.xcassets */,
				B1D5557318E775DD00B318CC /* Supporting Files */,
			);
			path = ThreadTestWOUsingGCD;
			sourceTree = "<group>";
		};
		B1D5557318E775DD00B318CC /* Supporting Files */ = {
			isa = PBXGroup;
			children = (
				B1D5557418E775DD00B318CC /* ThreadTestWOUsingGCD-Info.plist */,
				B1D5557518E775DD00B318CC /* InfoPlist.strings */,
				B1D5557818E775DD00B318CC /* main.m */,
				B1D5557A18E775DD00B318CC /* ThreadTestWOUsingGCD-Prefix.pch */,
			);
			name = "Supporting Files";
			sourceTree = "<group>";
		};
		B1D5559118E775DD00B318CC /* ThreadTestWOUsingGCDTests */ = {
			isa = PBXGroup;
			children = (
				B1D5559718E775DD00B318CC /* ThreadTestWOUsingGCDTests.m */,
				B1D5559218E775DD00B318CC /* Supporting Files */,
			);
			path = ThreadTestWOUsingGCDTests;
			sourceTree = "<group>";
		};
		B1D5559218E775DD00B318CC /* Supporting Files */ = {
			isa = PBXGroup;
			children = (
				B1D5559318E775DD00B318CC /* ThreadTestWOUsingGCDTests-Info.plist */,
				B1D5559418E775DD00B318CC /* InfoPlist.strings */,
			);
			name = "Supporting Files";
			sourceTree = "<group>";
		};
/* End PBXGroup section */

/* Begin PBXNativeTarget section */
		B1D5556818E775DD00B318CC /* ThreadTestWOUsingGCD */ = {
			isa = PBXNativeTarget;
			buildConfigurationList = B1D5559B18E775DD00B318CC /* Build configuration list for PBXNativeTarget "ThreadTestWOUsingGCD" */;
			buildPhases = (
				B1D5556518E775DD00B318CC /* Sources */,
				B1D5556618E775DD00B318CC /* Frameworks */,
				B1D5556718E775DD00B318CC /* Resources */,
			);
			buildRules = (
			);
			dependencies = (
			);
			name = ThreadTestWOUsingGCD;
			productName = ThreadTestWOUsingGCD;
			productReference = B1D5556918E775DD00B318CC /* ThreadTestWOUsingGCD.app */;
			productType = "com.apple.product-type.application";
		};
		B1D5558918E775DD00B318CC /* ThreadTestWOUsingGCDTests */ = {
			isa = PBXNativeTarget;
			buildConfigurationList = B1D5559E18E775DD00B318CC /* Build configuration list for PBXNativeTarget "ThreadTestWOUsingGCDTests" */;
			buildPhases = (
				B1D5558618E775DD00B318CC /* Sources */,
				B1D5558718E775DD00B318CC /* Frameworks */,
				B1D5558818E775DD00B318CC /* Resources */,
			);
			buildRules = (
			);
			dependencies = (
				B1D5559018E775DD00B318CC /* PBXTargetDependency */,
			);
			name = ThreadTestWOUsingGCDTests;
			productName = ThreadTestWOUsingGCDTests;
			productReference = B1D5558A18E775DD00B318CC /* ThreadTestWOUsingGCDTests.xctest */;
			productType = "com.apple.product-type.bundle.unit-test";
		};
/* End PBXNativeTarget section */

/* Begin PBXProject section */
		B1D5556118E775DD00B318CC /* Project object */ = {
			isa = PBXProject;
			attributes = {
				LastUpgradeCheck = 0510;
				ORGANIZATIONNAME = "Mit Parikh";
				TargetAttributes = {
					B1D5558918E775DD00B318CC = {
						TestTargetID = B1D5556818E775DD00B318CC;
					};
				};
			};
			buildConfigurationList = B1D5556418E775DD00B318CC /* Build configuration list for PBXProject "ThreadTestWOUsingGCD" */;
			compatibilityVersion = "Xcode 3.2";
			developmentRegion = English;
			hasScannedForEncodings = 0;
			knownRegions = (
				en,
				Base,
			);
			mainGroup = B1D5556018E775DD00B318CC;
			productRefGroup = B1D5556A18E775DD00B318CC /* Products */;
			projectDirPath = "";
			projectRoot = "";
			targets = (
				B1D5556818E775DD00B318CC /* ThreadTestWOUsingGCD */,
				B1D5558918E775DD00B318CC /* ThreadTestWOUsingGCDTests */,
			);
		};
/* End PBXProject section */

/* Begin PBXResourcesBuildPhase section */
		B1D5556718E775DD00B318CC /* Resources */ = {
			isa = PBXResourcesBuildPhase;
			buildActionMask = 2147483647;
			files = (
				B1D5558518E775DD00B318CC /* Images.xcassets in Resources */,
				B1D5557718E775DD00B318CC /* InfoPlist.strings in Resources */,
				B1D5558018E775DD00B318CC /* Main.storyboard in Resources */,
			);
			runOnlyForDeploymentPostprocessing = 0;
		};
		B1D5558818E775DD00B318CC /* Resources */ = {
			isa = PBXResourcesBuildPhase;
			buildActionMask = 2147483647;
			files = (
				B1D5559618E775DD00B318CC /* InfoPlist.strings in Resources */,
			);
			runOnlyForDeploymentPostprocessing = 0;
		};
/* End PBXResourcesBuildPhase section */

/* Begin PBXSourcesBuildPhase section */
		B1D5556518E775DD00B318CC /* Sources */ = {
			isa = PBXSourcesBuildPhase;
			buildActionMask = 2147483647;
			files = (
				B1D5558318E775DD00B318CC /* ViewController.m in Sources */,
				B1D5557D18E775DD00B318CC /* AppDelegate.m in Sources */,
				B1D5557918E775DD00B318CC /* main.m in Sources */,
			);
			runOnlyForDeploymentPostprocessing = 0;
		};
		B1D5558618E775DD00B318CC /* Sources */ = {
			isa = PBXSourcesBuildPhase;
			buildActionMask = 2147483647;
			files = (
				B1D5559818E775DD00B318CC /* ThreadTestWOUsingGCDTests.m in Sources */,
			);
			runOnlyForDeploymentPostprocessing = 0;
		};
/* End PBXSourcesBuildPhase section */

/* Begin PBXTargetDependency section */
		B1D5559018E775DD00B318CC /* PBXTargetDependency */ = {
			isa = PBXTargetDependency;
			target = B1D5556818E775DD00B318CC /* ThreadTestWOUsingGCD */;
			targetProxy = B1D5558F18E775DD00B318CC /* PBXContainerItemProxy */;
		};
/* End PBXTargetDependency section */

/* Begin PBXVariantGroup section */
		B1D5557518E775DD00B318CC /* InfoPlist.strings */ = {
			isa = PBXVariantGroup;
			children = (
				B1D5557618E775DD00B318CC /* en */,
			);
			name = InfoPlist.strings;
			sourceTree = "<group>";
		};
		B1D5557E18E775DD00B318CC /* Main.storyboard */ = {
			isa = PBXVariantGroup;
			children = (
				B1D5557F18E775DD00B318CC /* Base */,
			);
			name = Main.storyboard;
			sourceTree = "<group>";
		};
		B1D5559418E775DD00B318CC /* InfoPlist.strings */ = {
			isa = PBXVariantGroup;
			children = (
				B1D5559518E775DD00B318CC /* en */,
			);
			name = InfoPlist.strings;
			sourceTree = "<group>";
		};
/* End PBXVariantGroup section */

/* Begin XCBuildConfiguration section */
		B1D5559918E775DD00B318CC /* Debug */ = {
			isa = XCBuildConfiguration;
			buildSettings = {
				ALWAYS_SEARCH_USER_PATHS = NO;
				CLANG_CXX_LANGUAGE_STANDARD = "gnu++0x";
				CLANG_CXX_LIBRARY = "libc++";
				CLANG_ENABLE_MODULES = YES;
				CLANG_ENABLE_OBJC_ARC = YES;
				CLANG_WARN_BOOL_CONVERSION = YES;
				CLANG_WARN_CONSTANT_CONVERSION = YES;
				CLANG_WARN_DIRECT_OBJC_ISA_USAGE = YES_ERROR;
				CLANG_WARN_EMPTY_BODY = YES;
				CLANG_WARN_ENUM_CONVERSION = YES;
				CLANG_WARN_INT_CONVERSION = YES;
				CLANG_WARN_OBJC_ROOT_CLASS = YES_ERROR;
				CLANG_WARN__DUPLICATE_METHOD_MATCH = YES;
				"CODE_SIGN_IDENTITY[sdk=iphoneos*]" = "iPhone Developer";
				COPY_PHASE_STRIP = NO;
				GCC_C_LANGUAGE_STANDARD = gnu99;
				GCC_DYNAMIC_NO_PIC = NO;
				GCC_OPTIMIZATION_LEVEL = 0;
				GCC_PREPROCESSOR_DEFINITIONS = (
					"DEBUG=1",
					"$(inherited)",
				);
				GCC_SYMBOLS_PRIVATE_EXTERN = NO;
				GCC_WARN_64_TO_32_BIT_CONVERSION = YES;
				GCC_WARN_ABOUT_RETURN_TYPE = YES_ERROR;
				GCC_WARN_UNDECLARED_SELECTOR = YES;
				GCC_WARN_UNINITIALIZED_AUTOS = YES_AGGRESSIVE;
				GCC_WARN_UNUSED_FUNCTION = YES;
				GCC_WARN_UNUSED_VARIABLE = YES;
				IPHONEOS_DEPLOYMENT_TARGET = 7.1;
				ONLY_ACTIVE_ARCH = YES;
				SDKROOT = iphoneos;
			};
			name = Debug;
		};
		B1D5559A18E775DD00B318CC /* Release */ = {
			isa = XCBuildConfiguration;
			buildSettings = {
				ALWAYS_SEARCH_USER_PATHS = NO;
				CLANG_CXX_LANGUAGE_STANDARD = "gnu++0x";
				CLANG_CXX_LIBRARY = "libc++";
				CLANG_ENABLE_MODULES = YES;
				CLANG_ENABLE_OBJC_ARC = YES;
				CLANG_WARN_BOOL_CONVERSION = YES;
				CLANG_WARN_CONSTANT_CONVERSION = YES;
				CLANG_WARN_DIRECT_OBJC_ISA_USAGE = YES_ERROR;
				CLANG_WARN_EMPTY_BODY = YES;
				CLANG_WARN_ENUM_CONVERSION = YES;
				CLANG_WARN_INT_CONVERSION = YES;
				CLANG_WARN_OBJC_ROOT_CLASS = YES_ERROR;
				CLANG_WARN__DUPLICATE_METHOD_MATCH = YES;
				"CODE_SIGN_IDENTITY[sdk=iphoneos*]" = "iPhone Developer";
				COPY_PHASE_STRIP = YES;
				ENABLE_NS_ASSERTIONS = NO;
				GCC_C_LANGUAGE_STANDARD = gnu99;
				GCC_WARN_64_TO_32_BIT_CONVERSION = YES;
				GCC_WARN_ABOUT_RETURN_TYPE = YES_ERROR;
				GCC_WARN_UNDECLARED_SELECTOR = YES;
				GCC_WARN_UNINITIALIZED_AUTOS = YES_AGGRESSIVE;
				GCC_WARN_UNUSED_FUNCTION = YES;
				GCC_WARN_UNUSED_VARIABLE = YES;
				IPHONEOS_DEPLOYMENT_TARGET = 7.1;
				SDKROOT = iphoneos;
				VALIDATE_PRODUCT = YES;
			};
			name = Release;
		};
		B1D5559C18E775DD00B318CC /* Debug */ = {
			isa = XCBuildConfiguration;
			buildSettings = {
				ASSETCATALOG_COMPILER_APPICON_NAME = AppIcon;
				ASSETCATALOG_COMPILER_LAUNCHIMAGE_NAME = LaunchImage;
				GCC_PRECOMPILE_PREFIX_HEADER = YES;
				GCC_PREFIX_HEADER = "ThreadTestWOUsingGCD/ThreadTestWOUsingGCD-Prefix.pch";
				INFOPLIST_FILE = "ThreadTestWOUsingGCD/ThreadTestWOUsingGCD-Info.plist";
				PRODUCT_NAME = "$(TARGET_NAME)";
				WRAPPER_EXTENSION = app;
			};
			name = Debug;
		};
		B1D5559D18E775DD00B318CC /* Release */ = {
			isa = XCBuildConfiguration;
			buildSettings = {
				ASSETCATALOG_COMPILER_APPICON_NAME = AppIcon;
				ASSETCATALOG_COMPILER_LAUNCHIMAGE_NAME = LaunchImage;
				GCC_PRECOMPILE_PREFIX_HEADER = YES;
				GCC_PREFIX_HEADER = "ThreadTestWOUsingGCD/ThreadTestWOUsingGCD-Prefix.pch";
				INFOPLIST_FILE = "ThreadTestWOUsingGCD/ThreadTestWOUsingGCD-Info.plist";
				PRODUCT_NAME = "$(TARGET_NAME)";
				WRAPPER_EXTENSION = app;
			};
			name = Release;
		};
		B1D5559F18E775DD00B318CC /* Debug */ = {
			isa = XCBuildConfiguration;
			buildSettings = {
				BUNDLE_LOADER = "$(BUILT_PRODUCTS_DIR)/ThreadTestWOUsingGCD.app/ThreadTestWOUsingGCD";
				FRAMEWORK_SEARCH_PATHS = (
					"$(SDKROOT)/Developer/Library/Frameworks",
					"$(inherited)",
					"$(DEVELOPER_FRAMEWORKS_DIR)",
				);
				GCC_PRECOMPILE_PREFIX_HEADER = YES;
				GCC_PREFIX_HEADER = "ThreadTestWOUsingGCD/ThreadTestWOUsingGCD-Prefix.pch";
				GCC_PREPROCESSOR_DEFINITIONS = (
					"DEBUG=1",
					"$(inherited)",
				);
				INFOPLIST_FILE = "ThreadTestWOUsingGCDTests/ThreadTestWOUsingGCDTests-Info.plist";
				PRODUCT_NAME = "$(TARGET_NAME)";
				TEST_HOST = "$(BUNDLE_LOADER)";
				WRAPPER_EXTENSION = xctest;
			};
			name = Debug;
		};
		B1D555A018E775DD00B318CC /* Release */ = {
			isa = XCBuildConfiguration;
			buildSettings = {
				BUNDLE_LOADER = "$(BUILT_PRODUCTS_DIR)/ThreadTestWOUsingGCD.app/ThreadTestWOUsingGCD";
				FRAMEWORK_SEARCH_PATHS = (
					"$(SDKROOT)/Developer/Library/Frameworks",
					"$(inherited)",
					"$(DEVELOPER_FRAMEWORKS_DIR)",
				);
				GCC_PRECOMPILE_PREFIX_HEADER = YES;
				GCC_PREFIX_HEADER = "ThreadTestWOUsingGCD/ThreadTestWOUsingGCD-Prefix.pch";
				INFOPLIST_FILE = "ThreadTestWOUsingGCDTests/ThreadTestWOUsingGCDTests-Info.plist";
				PRODUCT_NAME = "$(TARGET_NAME)";
				TEST_HOST = "$(BUNDLE_LOADER)";
				WRAPPER_EXTENSION = xctest;
			};
			name = Release;
		};
/* End XCBuildConfiguration section */

/* Begin XCConfigurationList section */
		B1D5556418E775DD00B318CC /* Build configuration list for PBXProject "ThreadTestWOUsingGCD" */ = {
			isa = XCConfigurationList;
			buildConfigurations = (
				B1D5559918E775DD00B318CC /* Debug */,
				B1D5559A18E775DD00B318CC /* Release */,
			);
			defaultConfigurationIsVisible = 0;
			defaultConfigurationName = Release;
		};
		B1D5559B18E775DD00B318CC /* Build configuration list for PBXNativeTarget "ThreadTestWOUsingGCD" */ = {
			isa = XCConfigurationList;
			buildConfigurations = (
				B1D5559C18E775DD00B318CC /* Debug */,
				B1D5559D18E775DD00B318CC /* Release */,
			);
			defaultConfigurationIsVisible = 0;
		};
		B1D5559E18E775DD00B318CC /* Build configuration list for PBXNativeTarget "ThreadTestWOUsingGCDTests" */ = {
			isa = XCConfigurationList;
			buildConfigurations = (
				B1D5559F18E775DD00B318CC /* Debug */,
				B1D555A018E775DD00B318CC /* Release */,
			);
			defaultConfigurationIsVisible = 0;
		};
/* End XCConfigurationList section */
	};
	rootObject = B1D5556118E775DD00B318CC /* Project object */;
}
